// !$*UTF8*$!
{
	archiveVersion = 1;
	classes = {
	};
	objectVersion = 55;
	objects = {

/* Begin PBXBuildFile section */
		DF6DDAB62806E4170027B7A9 /* AppDelegate.swift in Sources */ = {isa = PBXBuildFile; fileRef = DF6DDAB52806E4170027B7A9 /* AppDelegate.swift */; };
		DF6DDAB82806E4170027B7A9 /* SceneDelegate.swift in Sources */ = {isa = PBXBuildFile; fileRef = DF6DDAB72806E4170027B7A9 /* SceneDelegate.swift */; };
		DF6DDABA2806E4170027B7A9 /* ViewController.swift in Sources */ = {isa = PBXBuildFile; fileRef = DF6DDAB92806E4170027B7A9 /* ViewController.swift */; };
		DF6DDABD2806E4170027B7A9 /* Main.storyboard in Resources */ = {isa = PBXBuildFile; fileRef = DF6DDABB2806E4170027B7A9 /* Main.storyboard */; };
		DF6DDABF2806E4170027B7A9 /* Assets.xcassets in Resources */ = {isa = PBXBuildFile; fileRef = DF6DDABE2806E4170027B7A9 /* Assets.xcassets */; };
		DF6DDAC22806E4170027B7A9 /* LaunchScreen.storyboard in Resources */ = {isa = PBXBuildFile; fileRef = DF6DDAC02806E4170027B7A9 /* LaunchScreen.storyboard */; };
		DF6DDACD2806E4170027B7A9 /* MyCoreImageTests.swift in Sources */ = {isa = PBXBuildFile; fileRef = DF6DDACC2806E4170027B7A9 /* MyCoreImageTests.swift */; };
		DF6DDAD72806E4170027B7A9 /* MyCoreImageUITests.swift in Sources */ = {isa = PBXBuildFile; fileRef = DF6DDAD62806E4170027B7A9 /* MyCoreImageUITests.swift */; };
		DF6DDAD92806E4170027B7A9 /* MyCoreImageUITestsLaunchTests.swift in Sources */ = {isa = PBXBuildFile; fileRef = DF6DDAD82806E4170027B7A9 /* MyCoreImageUITestsLaunchTests.swift */; };
/* End PBXBuildFile section */

/* Begin PBXContainerItemProxy section */
		DF6DDAC92806E4170027B7A9 /* PBXContainerItemProxy */ = {
			isa = PBXContainerItemProxy;
			containerPortal = DF6DDAAA2806E4160027B7A9 /* Project object */;
			proxyType = 1;
			remoteGlobalIDString = DF6DDAB12806E4170027B7A9;
			remoteInfo = MyCoreImage;
		};
		DF6DDAD32806E4170027B7A9 /* PBXContainerItemProxy */ = {
			isa = PBXContainerItemProxy;
			containerPortal = DF6DDAAA2806E4160027B7A9 /* Project object */;
			proxyType = 1;
			remoteGlobalIDString = DF6DDAB12806E4170027B7A9;
			remoteInfo = MyCoreImage;
		};
/* End PBXContainerItemProxy section */

/* Begin PBXFileReference section */
		DF6DDAB22806E4170027B7A9 /* MyCoreImage.app */ = {isa = PBXFileReference; explicitFileType = wrapper.application; includeInIndex = 0; path = MyCoreImage.app; sourceTree = BUILT_PRODUCTS_DIR; };
		DF6DDAB52806E4170027B7A9 /* AppDelegate.swift */ = {isa = PBXFileReference; lastKnownFileType = sourcecode.swift; path = AppDelegate.swift; sourceTree = "<group>"; };
		DF6DDAB72806E4170027B7A9 /* SceneDelegate.swift */ = {isa = PBXFileReference; lastKnownFileType = sourcecode.swift; path = SceneDelegate.swift; sourceTree = "<group>"; };
		DF6DDAB92806E4170027B7A9 /* ViewController.swift */ = {isa = PBXFileReference; lastKnownFileType = sourcecode.swift; path = ViewController.swift; sourceTree = "<group>"; };
		DF6DDABC2806E4170027B7A9 /* Base */ = {isa = PBXFileReference; lastKnownFileType = file.storyboard; name = Base; path = Base.lproj/Main.storyboard; sourceTree = "<group>"; };
		DF6DDABE2806E4170027B7A9 /* Assets.xcassets */ = {isa = PBXFileReference; lastKnownFileType = folder.assetcatalog; path = Assets.xcassets; sourceTree = "<group>"; };
		DF6DDAC12806E4170027B7A9 /* Base */ = {isa = PBXFileReference; lastKnownFileType = file.storyboard; name = Base; path = Base.lproj/LaunchScreen.storyboard; sourceTree = "<group>"; };
		DF6DDAC32806E4170027B7A9 /* Info.plist */ = {isa = PBXFileReference; lastKnownFileType = text.plist.xml; path = Info.plist; sourceTree = "<group>"; };
		DF6DDAC82806E4170027B7A9 /* MyCoreImageTests.xctest */ = {isa = PBXFileReference; explicitFileType = wrapper.cfbundle; includeInIndex = 0; path = MyCoreImageTests.xctest; sourceTree = BUILT_PRODUCTS_DIR; };
		DF6DDACC2806E4170027B7A9 /* MyCoreImageTests.swift */ = {isa = PBXFileReference; lastKnownFileType = sourcecode.swift; path = MyCoreImageTests.swift; sourceTree = "<group>"; };
		DF6DDAD22806E4170027B7A9 /* MyCoreImageUITests.xctest */ = {isa = PBXFileReference; explicitFileType = wrapper.cfbundle; includeInIndex = 0; path = MyCoreImageUITests.xctest; sourceTree = BUILT_PRODUCTS_DIR; };
		DF6DDAD62806E4170027B7A9 /* MyCoreImageUITests.swift */ = {isa = PBXFileReference; lastKnownFileType = sourcecode.swift; path = MyCoreImageUITests.swift; sourceTree = "<group>"; };
		DF6DDAD82806E4170027B7A9 /* MyCoreImageUITestsLaunchTests.swift */ = {isa = PBXFileReference; lastKnownFileType = sourcecode.swift; path = MyCoreImageUITestsLaunchTests.swift; sourceTree = "<group>"; };
/* End PBXFileReference section */

/* Begin PBXFrameworksBuildPhase section */
		DF6DDAAF2806E4170027B7A9 /* Frameworks */ = {
			isa = PBXFrameworksBuildPhase;
			buildActionMask = 2147483647;
			files = (
			);
			runOnlyForDeploymentPostprocessing = 0;
		};
		DF6DDAC52806E4170027B7A9 /* Frameworks */ = {
			isa = PBXFrameworksBuildPhase;
			buildActionMask = 2147483647;
			files = (
			);
			runOnlyForDeploymentPostprocessing = 0;
		};
		DF6DDACF2806E4170027B7A9 /* Frameworks */ = {
			isa = PBXFrameworksBuildPhase;
			buildActionMask = 2147483647;
			files = (
			);
			runOnlyForDeploymentPostprocessing = 0;
		};
/* End PBXFrameworksBuildPhase section */

/* Begin PBXGroup section */
		DF6DDAA92806E4160027B7A9 = {
			isa = PBXGroup;
			children = (
				DF6DDAB42806E4170027B7A9 /* MyCoreImage */,
				DF6DDACB2806E4170027B7A9 /* MyCoreImageTests */,
				DF6DDAD52806E4170027B7A9 /* MyCoreImageUITests */,
				DF6DDAB32806E4170027B7A9 /* Products */,
			);
			sourceTree = "<group>";
		};
		DF6DDAB32806E4170027B7A9 /* Products */ = {
			isa = PBXGroup;
			children = (
				DF6DDAB22806E4170027B7A9 /* MyCoreImage.app */,
				DF6DDAC82806E4170027B7A9 /* MyCoreImageTests.xctest */,
				DF6DDAD22806E4170027B7A9 /* MyCoreImageUITests.xctest */,
			);
			name = Products;
			sourceTree = "<group>";
		};
		DF6DDAB42806E4170027B7A9 /* MyCoreImage */ = {
			isa = PBXGroup;
			children = (
				DF6DDAB52806E4170027B7A9 /* AppDelegate.swift */,
				DF6DDAB72806E4170027B7A9 /* SceneDelegate.swift */,
				DF6DDAB92806E4170027B7A9 /* ViewController.swift */,
				DF6DDABB2806E4170027B7A9 /* Main.storyboard */,
				DF6DDABE2806E4170027B7A9 /* Assets.xcassets */,
				DF6DDAC02806E4170027B7A9 /* LaunchScreen.storyboard */,
				DF6DDAC32806E4170027B7A9 /* Info.plist */,
			);
			path = MyCoreImage;
			sourceTree = "<group>";
		};
		DF6DDACB2806E4170027B7A9 /* MyCoreImageTests */ = {
			isa = PBXGroup;
			children = (
				DF6DDACC2806E4170027B7A9 /* MyCoreImageTests.swift */,
			);
			path = MyCoreImageTests;
			sourceTree = "<group>";
		};
		DF6DDAD52806E4170027B7A9 /* MyCoreImageUITests */ = {
			isa = PBXGroup;
			children = (
				DF6DDAD62806E4170027B7A9 /* MyCoreImageUITests.swift */,
				DF6DDAD82806E4170027B7A9 /* MyCoreImageUITestsLaunchTests.swift */,
			);
			path = MyCoreImageUITests;
			sourceTree = "<group>";
		};
/* End PBXGroup section */

/* Begin PBXNativeTarget section */
		DF6DDAB12806E4170027B7A9 /* MyCoreImage */ = {
			isa = PBXNativeTarget;
			buildConfigurationList = DF6DDADC2806E4170027B7A9 /* Build configuration list for PBXNativeTarget "MyCoreImage" */;
			buildPhases = (
				DF6DDAAE2806E4170027B7A9 /* Sources */,
				DF6DDAAF2806E4170027B7A9 /* Frameworks */,
				DF6DDAB02806E4170027B7A9 /* Resources */,
			);
			buildRules = (
			);
			dependencies = (
			);
			name = MyCoreImage;
			productName = MyCoreImage;
			productReference = DF6DDAB22806E4170027B7A9 /* MyCoreImage.app */;
			productType = "com.apple.product-type.application";
		};
		DF6DDAC72806E4170027B7A9 /* MyCoreImageTests */ = {
			isa = PBXNativeTarget;
			buildConfigurationList = DF6DDADF2806E4170027B7A9 /* Build configuration list for PBXNativeTarget "MyCoreImageTests" */;
			buildPhases = (
				DF6DDAC42806E4170027B7A9 /* Sources */,
				DF6DDAC52806E4170027B7A9 /* Frameworks */,
				DF6DDAC62806E4170027B7A9 /* Resources */,
			);
			buildRules = (
			);
			dependencies = (
				DF6DDACA2806E4170027B7A9 /* PBXTargetDependency */,
			);
			name = MyCoreImageTests;
			productName = MyCoreImageTests;
			productReference = DF6DDAC82806E4170027B7A9 /* MyCoreImageTests.xctest */;
			productType = "com.apple.product-type.bundle.unit-test";
		};
		DF6DDAD12806E4170027B7A9 /* MyCoreImageUITests */ = {
			isa = PBXNativeTarget;
			buildConfigurationList = DF6DDAE22806E4170027B7A9 /* Build configuration list for PBXNativeTarget "MyCoreImageUITests" */;
			buildPhases = (
				DF6DDACE2806E4170027B7A9 /* Sources */,
				DF6DDACF2806E4170027B7A9 /* Frameworks */,
				DF6DDAD02806E4170027B7A9 /* Resources */,
			);
			buildRules = (
			);
			dependencies = (
				DF6DDAD42806E4170027B7A9 /* PBXTargetDependency */,
			);
			name = MyCoreImageUITests;
			productName = MyCoreImageUITests;
			productReference = DF6DDAD22806E4170027B7A9 /* MyCoreImageUITests.xctest */;
			productType = "com.apple.product-type.bundle.ui-testing";
		};
/* End PBXNativeTarget section */

/* Begin PBXProject section */
		DF6DDAAA2806E4160027B7A9 /* Project object */ = {
			isa = PBXProject;
			attributes = {
				BuildIndependentTargetsInParallel = 1;
				LastSwiftUpdateCheck = 1310;
				LastUpgradeCheck = 1310;
				TargetAttributes = {
					DF6DDAB12806E4170027B7A9 = {
						CreatedOnToolsVersion = 13.1;
					};
					DF6DDAC72806E4170027B7A9 = {
						CreatedOnToolsVersion = 13.1;
						TestTargetID = DF6DDAB12806E4170027B7A9;
					};
					DF6DDAD12806E4170027B7A9 = {
						CreatedOnToolsVersion = 13.1;
						TestTargetID = DF6DDAB12806E4170027B7A9;
					};
				};
			};
			buildConfigurationList = DF6DDAAD2806E4160027B7A9 /* Build configuration list for PBXProject "MyCoreImage" */;
			compatibilityVersion = "Xcode 13.0";
			developmentRegion = en;
			hasScannedForEncodings = 0;
			knownRegions = (
				en,
				Base,
			);
			mainGroup = DF6DDAA92806E4160027B7A9;
			productRefGroup = DF6DDAB32806E4170027B7A9 /* Products */;
			projectDirPath = "";
			projectRoot = "";
			targets = (
				DF6DDAB12806E4170027B7A9 /* MyCoreImage */,
				DF6DDAC72806E4170027B7A9 /* MyCoreImageTests */,
				DF6DDAD12806E4170027B7A9 /* MyCoreImageUITests */,
			);
		};
/* End PBXProject section */

/* Begin PBXResourcesBuildPhase section */
		DF6DDAB02806E4170027B7A9 /* Resources */ = {
			isa = PBXResourcesBuildPhase;
			buildActionMask = 2147483647;
			files = (
				DF6DDAC22806E4170027B7A9 /* LaunchScreen.storyboard in Resources */,
				DF6DDABF2806E4170027B7A9 /* Assets.xcassets in Resources */,
				DF6DDABD2806E4170027B7A9 /* Main.storyboard in Resources */,
			);
			runOnlyForDeploymentPostprocessing = 0;
		};
		DF6DDAC62806E4170027B7A9 /* Resources */ = {
			isa = PBXResourcesBuildPhase;
			buildActionMask = 2147483647;
			files = (
			);
			runOnlyForDeploymentPostprocessing = 0;
		};
		DF6DDAD02806E4170027B7A9 /* Resources */ = {
			isa = PBXResourcesBuildPhase;
			buildActionMask = 2147483647;
			files = (
			);
			runOnlyForDeploymentPostprocessing = 0;
		};
/* End PBXResourcesBuildPhase section */

/* Begin PBXSourcesBuildPhase section */
		DF6DDAAE2806E4170027B7A9 /* Sources */ = {
			isa = PBXSourcesBuildPhase;
			buildActionMask = 2147483647;
			files = (
				DF6DDABA2806E4170027B7A9 /* ViewController.swift in Sources */,
				DF6DDAB62806E4170027B7A9 /* AppDelegate.swift in Sources */,
				DF6DDAB82806E4170027B7A9 /* SceneDelegate.swift in Sources */,
			);
			runOnlyForDeploymentPostprocessing = 0;
		};
		DF6DDAC42806E4170027B7A9 /* Sources */ = {
			isa = PBXSourcesBuildPhase;
			buildActionMask = 2147483647;
			files = (
				DF6DDACD2806E4170027B7A9 /* MyCoreImageTests.swift in Sources */,
			);
			runOnlyForDeploymentPostprocessing = 0;
		};
		DF6DDACE2806E4170027B7A9 /* Sources */ = {
			isa = PBXSourcesBuildPhase;
			buildActionMask = 2147483647;
			files = (
				DF6DDAD72806E4170027B7A9 /* MyCoreImageUITests.swift in Sources */,
				DF6DDAD92806E4170027B7A9 /* MyCoreImageUITestsLaunchTests.swift in Sources */,
			);
			runOnlyForDeploymentPostprocessing = 0;
		};
/* End PBXSourcesBuildPhase section */

/* Begin PBXTargetDependency section */
		DF6DDACA2806E4170027B7A9 /* PBXTargetDependency */ = {
			isa = PBXTargetDependency;
			target = DF6DDAB12806E4170027B7A9 /* MyCoreImage */;
			targetProxy = DF6DDAC92806E4170027B7A9 /* PBXContainerItemProxy */;
		};
		DF6DDAD42806E4170027B7A9 /* PBXTargetDependency */ = {
			isa = PBXTargetDependency;
			target = DF6DDAB12806E4170027B7A9 /* MyCoreImage */;
			targetProxy = DF6DDAD32806E4170027B7A9 /* PBXContainerItemProxy */;
		};
/* End PBXTargetDependency section */

/* Begin PBXVariantGroup section */
		DF6DDABB2806E4170027B7A9 /* Main.storyboard */ = {
			isa = PBXVariantGroup;
			children = (
				DF6DDABC2806E4170027B7A9 /* Base */,
			);
			name = Main.storyboard;
			sourceTree = "<group>";
		};
		DF6DDAC02806E4170027B7A9 /* LaunchScreen.storyboard */ = {
			isa = PBXVariantGroup;
			children = (
				DF6DDAC12806E4170027B7A9 /* Base */,
			);
			name = LaunchScreen.storyboard;
			sourceTree = "<group>";
		};
/* End PBXVariantGroup section */

/* Begin XCBuildConfiguration section */
		DF6DDADA2806E4170027B7A9 /* Debug */ = {
			isa = XCBuildConfiguration;
			buildSettings = {
				ALWAYS_SEARCH_USER_PATHS = NO;
				CLANG_ANALYZER_NONNULL = YES;
				CLANG_ANALYZER_NUMBER_OBJECT_CONVERSION = YES_AGGRESSIVE;
				CLANG_CXX_LANGUAGE_STANDARD = "gnu++17";
				CLANG_CXX_LIBRARY = "libc++";
				CLANG_ENABLE_MODULES = YES;
				CLANG_ENABLE_OBJC_ARC = YES;
				CLANG_ENABLE_OBJC_WEAK = YES;
				CLANG_WARN_BLOCK_CAPTURE_AUTORELEASING = YES;
				CLANG_WARN_BOOL_CONVERSION = YES;
				CLANG_WARN_COMMA = YES;
				CLANG_WARN_CONSTANT_CONVERSION = YES;
				CLANG_WARN_DEPRECATED_OBJC_IMPLEMENTATIONS = YES;
				CLANG_WARN_DIRECT_OBJC_ISA_USAGE = YES_ERROR;
				CLANG_WARN_DOCUMENTATION_COMMENTS = YES;
				CLANG_WARN_EMPTY_BODY = YES;
				CLANG_WARN_ENUM_CONVERSION = YES;
				CLANG_WARN_INFINITE_RECURSION = YES;
				CLANG_WARN_INT_CONVERSION = YES;
				CLANG_WARN_NON_LITERAL_NULL_CONVERSION = YES;
				CLANG_WARN_OBJC_IMPLICIT_RETAIN_SELF = YES;
				CLANG_WARN_OBJC_LITERAL_CONVERSION = YES;
				CLANG_WARN_OBJC_ROOT_CLASS = YES_ERROR;
				CLANG_WARN_QUOTED_INCLUDE_IN_FRAMEWORK_HEADER = YES;
				CLANG_WARN_RANGE_LOOP_ANALYSIS = YES;
				CLANG_WARN_STRICT_PROTOTYPES = YES;
				CLANG_WARN_SUSPICIOUS_MOVE = YES;
				CLANG_WARN_UNGUARDED_AVAILABILITY = YES_AGGRESSIVE;
				CLANG_WARN_UNREACHABLE_CODE = YES;
				CLANG_WARN__DUPLICATE_METHOD_MATCH = YES;
				COPY_PHASE_STRIP = NO;
				DEBUG_INFORMATION_FORMAT = dwarf;
				ENABLE_STRICT_OBJC_MSGSEND = YES;
				ENABLE_TESTABILITY = YES;
				GCC_C_LANGUAGE_STANDARD = gnu11;
				GCC_DYNAMIC_NO_PIC = NO;
				GCC_NO_COMMON_BLOCKS = YES;
				GCC_OPTIMIZATION_LEVEL = 0;
				GCC_PREPROCESSOR_DEFINITIONS = (
					"DEBUG=1",
					"$(inherited)",
				);
				GCC_WARN_64_TO_32_BIT_CONVERSION = YES;
				GCC_WARN_ABOUT_RETURN_TYPE = YES_ERROR;
				GCC_WARN_UNDECLARED_SELECTOR = YES;
				GCC_WARN_UNINITIALIZED_AUTOS = YES_AGGRESSIVE;
				GCC_WARN_UNUSED_FUNCTION = YES;
				GCC_WARN_UNUSED_VARIABLE = YES;
				IPHONEOS_DEPLOYMENT_TARGET = 15.0;
				MTL_ENABLE_DEBUG_INFO = INCLUDE_SOURCE;
				MTL_FAST_MATH = YES;
				ONLY_ACTIVE_ARCH = YES;
				SDKROOT = iphoneos;
				SWIFT_ACTIVE_COMPILATION_CONDITIONS = DEBUG;
				SWIFT_OPTIMIZATION_LEVEL = "-Onone";
			};
			name = Debug;
		};
		DF6DDADB2806E4170027B7A9 /* Release */ = {
			isa = XCBuildConfiguration;
			buildSettings = {
				ALWAYS_SEARCH_USER_PATHS = NO;
				CLANG_ANALYZER_NONNULL = YES;
				CLANG_ANALYZER_NUMBER_OBJECT_CONVERSION = YES_AGGRESSIVE;
				CLANG_CXX_LANGUAGE_STANDARD = "gnu++17";
				CLANG_CXX_LIBRARY = "libc++";
				CLANG_ENABLE_MODULES = YES;
				CLANG_ENABLE_OBJC_ARC = YES;
				CLANG_ENABLE_OBJC_WEAK = YES;
				CLANG_WARN_BLOCK_CAPTURE_AUTORELEASING = YES;
				CLANG_WARN_BOOL_CONVERSION = YES;
				CLANG_WARN_COMMA = YES;
				CLANG_WARN_CONSTANT_CONVERSION = YES;
				CLANG_WARN_DEPRECATED_OBJC_IMPLEMENTATIONS = YES;
				CLANG_WARN_DIRECT_OBJC_ISA_USAGE = YES_ERROR;
				CLANG_WARN_DOCUMENTATION_COMMENTS = YES;
				CLANG_WARN_EMPTY_BODY = YES;
				CLANG_WARN_ENUM_CONVERSION = YES;
				CLANG_WARN_INFINITE_RECURSION = YES;
				CLANG_WARN_INT_CONVERSION = YES;
				CLANG_WARN_NON_LITERAL_NULL_CONVERSION = YES;
				CLANG_WARN_OBJC_IMPLICIT_RETAIN_SELF = YES;
				CLANG_WARN_OBJC_LITERAL_CONVERSION = YES;
				CLANG_WARN_OBJC_ROOT_CLASS = YES_ERROR;
				CLANG_WARN_QUOTED_INCLUDE_IN_FRAMEWORK_HEADER = YES;
				CLANG_WARN_RANGE_LOOP_ANALYSIS = YES;
				CLANG_WARN_STRICT_PROTOTYPES = YES;
				CLANG_WARN_SUSPICIOUS_MOVE = YES;
				CLANG_WARN_UNGUARDED_AVAILABILITY = YES_AGGRESSIVE;
				CLANG_WARN_UNREACHABLE_CODE = YES;
				CLANG_WARN__DUPLICATE_METHOD_MATCH = YES;
				COPY_PHASE_STRIP = NO;
				DEBUG_INFORMATION_FORMAT = "dwarf-with-dsym";
				ENABLE_NS_ASSERTIONS = NO;
				ENABLE_STRICT_OBJC_MSGSEND = YES;
				GCC_C_LANGUAGE_STANDARD = gnu11;
				GCC_NO_COMMON_BLOCKS = YES;
				GCC_WARN_64_TO_32_BIT_CONVERSION = YES;
				GCC_WARN_ABOUT_RETURN_TYPE = YES_ERROR;
				GCC_WARN_UNDECLARED_SELECTOR = YES;
				GCC_WARN_UNINITIALIZED_AUTOS = YES_AGGRESSIVE;
				GCC_WARN_UNUSED_FUNCTION = YES;
				GCC_WARN_UNUSED_VARIABLE = YES;
				IPHONEOS_DEPLOYMENT_TARGET = 15.0;
				MTL_ENABLE_DEBUG_INFO = NO;
				MTL_FAST_MATH = YES;
				SDKROOT = iphoneos;
				SWIFT_COMPILATION_MODE = wholemodule;
				SWIFT_OPTIMIZATION_LEVEL = "-O";
				VALIDATE_PRODUCT = YES;
			};
			name = Release;
		};
		DF6DDADD2806E4170027B7A9 /* Debug */ = {
			isa = XCBuildConfiguration;
			buildSettings = {
				ASSETCATALOG_COMPILER_APPICON_NAME = AppIcon;
				ASSETCATALOG_COMPILER_GLOBAL_ACCENT_COLOR_NAME = AccentColor;
				CODE_SIGN_STYLE = Automatic;
				CURRENT_PROJECT_VERSION = 1;
				GENERATE_INFOPLIST_FILE = YES;
				INFOPLIST_FILE = MyCoreImage/Info.plist;
				INFOPLIST_KEY_UIApplicationSupportsIndirectInputEvents = YES;
				INFOPLIST_KEY_UILaunchStoryboardName = LaunchScreen;
				INFOPLIST_KEY_UIMainStoryboardFile = Main;
				INFOPLIST_KEY_UISupportedInterfaceOrientations_iPad = "UIInterfaceOrientationPortrait UIInterfaceOrientationPortraitUpsideDown UIInterfaceOrientationLandscapeLeft UIInterfaceOrientationLandscapeRight";
				INFOPLIST_KEY_UISupportedInterfaceOrientations_iPhone = "UIInterfaceOrientationPortrait UIInterfaceOrientationLandscapeLeft UIInterfaceOrientationLandscapeRight";
				LD_RUNPATH_SEARCH_PATHS = (
					"$(inherited)",
					"@executable_path/Frameworks",
				);
				MARKETING_VERSION = 1.0;
				PRODUCT_BUNDLE_IDENTIFIER = dellainfotech.com.MyCoreImage;
				PRODUCT_NAME = "$(TARGET_NAME)";
				SWIFT_EMIT_LOC_STRINGS = YES;
				SWIFT_VERSION = 5.0;
				TARGETED_DEVICE_FAMILY = "1,2";
			};
			name = Debug;
		};
		DF6DDADE2806E4170027B7A9 /* Release */ = {
			isa = XCBuildConfiguration;
			buildSettings = {
				ASSETCATALOG_COMPILER_APPICON_NAME = AppIcon;
				ASSETCATALOG_COMPILER_GLOBAL_ACCENT_COLOR_NAME = AccentColor;
				CODE_SIGN_STYLE = Automatic;
				CURRENT_PROJECT_VERSION = 1;
				GENERATE_INFOPLIST_FILE = YES;
				INFOPLIST_FILE = MyCoreImage/Info.plist;
				INFOPLIST_KEY_UIApplicationSupportsIndirectInputEvents = YES;
				INFOPLIST_KEY_UILaunchStoryboardName = LaunchScreen;
				INFOPLIST_KEY_UIMainStoryboardFile = Main;
				INFOPLIST_KEY_UISupportedInterfaceOrientations_iPad = "UIInterfaceOrientationPortrait UIInterfaceOrientationPortraitUpsideDown UIInterfaceOrientationLandscapeLeft UIInterfaceOrientationLandscapeRight";
				INFOPLIST_KEY_UISupportedInterfaceOrientations_iPhone = "UIInterfaceOrientationPortrait UIInterfaceOrientationLandscapeLeft UIInterfaceOrientationLandscapeRight";
				LD_RUNPATH_SEARCH_PATHS = (
					"$(inherited)",
					"@executable_path/Frameworks",
				);
				MARKETING_VERSION = 1.0;
				PRODUCT_BUNDLE_IDENTIFIER = dellainfotech.com.MyCoreImage;
				PRODUCT_NAME = "$(TARGET_NAME)";
				SWIFT_EMIT_LOC_STRINGS = YES;
				SWIFT_VERSION = 5.0;
				TARGETED_DEVICE_FAMILY = "1,2";
			};
			name = Release;
		};
		DF6DDAE02806E4170027B7A9 /* Debug */ = {
			isa = XCBuildConfiguration;
			buildSettings = {
				ALWAYS_EMBED_SWIFT_STANDARD_LIBRARIES = YES;
				BUNDLE_LOADER = "$(TEST_HOST)";
				CODE_SIGN_STYLE = Automatic;
				CURRENT_PROJECT_VERSION = 1;
				GENERATE_INFOPLIST_FILE = YES;
				IPHONEOS_DEPLOYMENT_TARGET = 15.0;
				LD_RUNPATH_SEARCH_PATHS = (
					"$(inherited)",
					"@executable_path/Frameworks",
					"@loader_path/Frameworks",
				);
				MARKETING_VERSION = 1.0;
				PRODUCT_BUNDLE_IDENTIFIER = dellainfotech.com.MyCoreImageTests;
				PRODUCT_NAME = "$(TARGET_NAME)";
				SWIFT_EMIT_LOC_STRINGS = NO;
				SWIFT_VERSION = 5.0;
				TARGETED_DEVICE_FAMILY = "1,2";
				TEST_HOST = "$(BUILT_PRODUCTS_DIR)/MyCoreImage.app/MyCoreImage";
			};
			name = Debug;
		};
		DF6DDAE12806E4170027B7A9 /* Release */ = {
			isa = XCBuildConfiguration;
			buildSettings = {
				ALWAYS_EMBED_SWIFT_STANDARD_LIBRARIES = YES;
				BUNDLE_LOADER = "$(TEST_HOST)";
				CODE_SIGN_STYLE = Automatic;
				CURRENT_PROJECT_VERSION = 1;
				GENERATE_INFOPLIST_FILE = YES;
				IPHONEOS_DEPLOYMENT_TARGET = 15.0;
				LD_RUNPATH_SEARCH_PATHS = (
					"$(inherited)",
					"@executable_path/Frameworks",
					"@loader_path/Frameworks",
				);
				MARKETING_VERSION = 1.0;
				PRODUCT_BUNDLE_IDENTIFIER = dellainfotech.com.MyCoreImageTests;
				PRODUCT_NAME = "$(TARGET_NAME)";
				SWIFT_EMIT_LOC_STRINGS = NO;
				SWIFT_VERSION = 5.0;
				TARGETED_DEVICE_FAMILY = "1,2";
				TEST_HOST = "$(BUILT_PRODUCTS_DIR)/MyCoreImage.app/MyCoreImage";
			};
			name = Release;
		};
		DF6DDAE32806E4170027B7A9 /* Debug */ = {
			isa = XCBuildConfiguration;
			buildSettings = {
				ALWAYS_EMBED_SWIFT_STANDARD_LIBRARIES = YES;
				CODE_SIGN_STYLE = Automatic;
				CURRENT_PROJECT_VERSION = 1;
				GENERATE_INFOPLIST_FILE = YES;
				LD_RUNPATH_SEARCH_PATHS = (
					"$(inherited)",
					"@executable_path/Frameworks",
					"@loader_path/Frameworks",
				);
				MARKETING_VERSION = 1.0;
				PRODUCT_BUNDLE_IDENTIFIER = dellainfotech.com.MyCoreImageUITests;
				PRODUCT_NAME = "$(TARGET_NAME)";
				SWIFT_EMIT_LOC_STRINGS = NO;
				SWIFT_VERSION = 5.0;
				TARGETED_DEVICE_FAMILY = "1,2";
				TEST_TARGET_NAME = MyCoreImage;
			};
			name = Debug;
		};
		DF6DDAE42806E4170027B7A9 /* Release */ = {
			isa = XCBuildConfiguration;
			buildSettings = {
				ALWAYS_EMBED_SWIFT_STANDARD_LIBRARIES = YES;
				CODE_SIGN_STYLE = Automatic;
				CURRENT_PROJECT_VERSION = 1;
				GENERATE_INFOPLIST_FILE = YES;
				LD_RUNPATH_SEARCH_PATHS = (
					"$(inherited)",
					"@executable_path/Frameworks",
					"@loader_path/Frameworks",
				);
				MARKETING_VERSION = 1.0;
				PRODUCT_BUNDLE_IDENTIFIER = dellainfotech.com.MyCoreImageUITests;
				PRODUCT_NAME = "$(TARGET_NAME)";
				SWIFT_EMIT_LOC_STRINGS = NO;
				SWIFT_VERSION = 5.0;
				TARGETED_DEVICE_FAMILY = "1,2";
				TEST_TARGET_NAME = MyCoreImage;
			};
			name = Release;
		};
/* End XCBuildConfiguration section */

/* Begin XCConfigurationList section */
		DF6DDAAD2806E4160027B7A9 /* Build configuration list for PBXProject "MyCoreImage" */ = {
			isa = XCConfigurationList;
			buildConfigurations = (
				DF6DDADA2806E4170027B7A9 /* Debug */,
				DF6DDADB2806E4170027B7A9 /* Release */,
			);
			defaultConfigurationIsVisible = 0;
			defaultConfigurationName = Release;
		};
		DF6DDADC2806E4170027B7A9 /* Build configuration list for PBXNativeTarget "MyCoreImage" */ = {
			isa = XCConfigurationList;
			buildConfigurations = (
				DF6DDADD2806E4170027B7A9 /* Debug */,
				DF6DDADE2806E4170027B7A9 /* Release */,
			);
			defaultConfigurationIsVisible = 0;
			defaultConfigurationName = Release;
		};
		DF6DDADF2806E4170027B7A9 /* Build configuration list for PBXNativeTarget "MyCoreImageTests" */ = {
			isa = XCConfigurationList;
			buildConfigurations = (
				DF6DDAE02806E4170027B7A9 /* Debug */,
				DF6DDAE12806E4170027B7A9 /* Release */,
			);
			defaultConfigurationIsVisible = 0;
			defaultConfigurationName = Release;
		};
		DF6DDAE22806E4170027B7A9 /* Build configuration list for PBXNativeTarget "MyCoreImageUITests" */ = {
			isa = XCConfigurationList;
			buildConfigurations = (
				DF6DDAE32806E4170027B7A9 /* Debug */,
				DF6DDAE42806E4170027B7A9 /* Release */,
			);
			defaultConfigurationIsVisible = 0;
			defaultConfigurationName = Release;
		};
/* End XCConfigurationList section */
	};
	rootObject = DF6DDAAA2806E4160027B7A9 /* Project object */;
}
